
Microsoft Visual Studio Solution File, Format Version 12.00
# Visual Studio 15
VisualStudioVersion = 15.0.27703.2000
MinimumVisualStudioVersion = 10.0.40219.1
Project("{FAE04EC0-301F-11D3-BF4B-00C04F79EFBC}") = "WebAPIEFCore", "WebAPIEFCore\WebAPIEFCore.csproj", "{A5038DC0-6DDD-4CAE-9041-8CD7DC828A09}"
EndProject
Global
	GlobalSection(SolutionConfigurationPlatforms) = preSolution
		Debug|Any CPU = Debug|Any CPU
		Release|Any CPU = Release|Any CPU
	EndGlobalSection
	GlobalSection(ProjectConfigurationPlatforms) = postSolution
		{A5038DC0-6DDD-4CAE-9041-8CD7DC828A09}.Debug|Any CPU.ActiveCfg = Debug|Any CPU
		{A5038DC0-6DDD-4CAE-9041-8CD7DC828A09}.Debug|Any CPU.Build.0 = Debug|Any CPU
		{A5038DC0-6DDD-4CAE-9041-8CD7DC828A09}.Release|Any CPU.ActiveCfg = Release|Any CPU
		{A5038DC0-6DDD-4CAE-9041-8CD7DC828A09}.Release|Any CPU.Build.0 = Release|Any CPU
	EndGlobalSection
	GlobalSection(SolutionProperties) = preSolution
		HideSolutionNode = FALSE
	EndGlobalSection
	GlobalSection(ExtensibilityGlobals) = postSolution
		SolutionGuid = {F6B3D265-FADB-4532-BD5A-8B709BB1BF15}
	EndGlobalSection
EndGlobal
